
Microsoft Visual Studio Solution File, Format Version 12.00
# Visual Studio 14
VisualStudioVersion = 14.0.24720.0
MinimumVisualStudioVersion = 10.0.40219.1
Project("{FAE04EC0-301F-11D3-BF4B-00C04F79EFBC}") = "NewModel", "NewModel\NewModel.csproj", "{55280FF2-94FD-406B-AF39-CB023A382316}"
EndProject
Project("{FAE04EC0-301F-11D3-BF4B-00C04F79EFBC}") = "NewCaresPlusMvc", "NewCaresPlusMvc\NewCaresPlusMvc.csproj", "{3DDE17B3-07CD-4961-B794-F28DC4DD9B5D}"
EndProject
Global
	GlobalSection(SolutionConfigurationPlatforms) = preSolution
		Debug|Any CPU = Debug|Any CPU
		Release|Any CPU = Release|Any CPU
	EndGlobalSection
	GlobalSection(ProjectConfigurationPlatforms) = postSolution
		{55280FF2-94FD-406B-AF39-CB023A382316}.Debug|Any CPU.ActiveCfg = Debug|Any CPU
		{55280FF2-94FD-406B-AF39-CB023A382316}.Debug|Any CPU.Build.0 = Debug|Any CPU
		{55280FF2-94FD-406B-AF39-CB023A382316}.Release|Any CPU.ActiveCfg = Release|Any CPU
		{55280FF2-94FD-406B-AF39-CB023A382316}.Release|Any CPU.Build.0 = Release|Any CPU
		{3DDE17B3-07CD-4961-B794-F28DC4DD9B5D}.Debug|Any CPU.ActiveCfg = Debug|Any CPU
		{3DDE17B3-07CD-4961-B794-F28DC4DD9B5D}.Debug|Any CPU.Build.0 = Debug|Any CPU
		{3DDE17B3-07CD-4961-B794-F28DC4DD9B5D}.Release|Any CPU.ActiveCfg = Release|Any CPU
		{3DDE17B3-07CD-4961-B794-F28DC4DD9B5D}.Release|Any CPU.Build.0 = Release|Any CPU
	EndGlobalSection
	GlobalSection(SolutionProperties) = preSolution
		HideSolutionNode = FALSE
	EndGlobalSection
EndGlobal
